
Microsoft Visual Studio Solution File, Format Version 12.00
# Visual Studio Version 16
VisualStudioVersion = 16.0.33529.622
MinimumVisualStudioVersion = 10.0.40219.1
Project("{FAE04EC0-301F-11D3-BF4B-00C04F79EFBC}") = "Jumper", "LanguageSchool\Jumper.csproj", "{ECA25BF6-9AFB-4736-B309-2B49B0B6BA82}"
EndProject
Global
	GlobalSection(SolutionConfigurationPlatforms) = preSolution
		Debug|Any CPU = Debug|Any CPU
		Release|Any CPU = Release|Any CPU
	EndGlobalSection
	GlobalSection(ProjectConfigurationPlatforms) = postSolution
		{ECA25BF6-9AFB-4736-B309-2B49B0B6BA82}.Debug|Any CPU.ActiveCfg = Debug|Any CPU
		{ECA25BF6-9AFB-4736-B309-2B49B0B6BA82}.Debug|Any CPU.Build.0 = Debug|Any CPU
		{ECA25BF6-9AFB-4736-B309-2B49B0B6BA82}.Release|Any CPU.ActiveCfg = Release|Any CPU
		{ECA25BF6-9AFB-4736-B309-2B49B0B6BA82}.Release|Any CPU.Build.0 = Release|Any CPU
	EndGlobalSection
	GlobalSection(SolutionProperties) = preSolution
		HideSolutionNode = FALSE
	EndGlobalSection
	GlobalSection(ExtensibilityGlobals) = postSolution
		SolutionGuid = {4F8826E6-709C-44FC-A788-445B009E45B9}
	EndGlobalSection
EndGlobal
